
Microsoft Visual Studio Solution File, Format Version 12.00
# Visual Studio Version 17
VisualStudioVersion = 17.4.33213.308
MinimumVisualStudioVersion = 10.0.40219.1
Project("{9A19103F-16F7-4668-BE54-9A1E7A4F7556}") = "PortfolioBackend", "PortfolioBackend\PortfolioBackend.csproj", "{B888BB8D-8C1F-49A1-AEE8-2CF6D0896810}"
EndProject
Project("{9A19103F-16F7-4668-BE54-9A1E7A4F7556}") = "Dominio", "Dominio\Dominio.csproj", "{CF0DE096-6AD7-4F34-A759-CE19BC3763E6}"
EndProject
Project("{9A19103F-16F7-4668-BE54-9A1E7A4F7556}") = "InterfazAccesoADatos", "InterfazAccesoADatos\InterfazAccesoADatos.csproj", "{04F8CE0A-1FDB-4D04-974C-E9C8C28421F3}"
EndProject
Project("{9A19103F-16F7-4668-BE54-9A1E7A4F7556}") = "ILogicaDominio", "ILogicaDominio\ILogicaDominio.csproj", "{1765331E-9423-4007-8DB6-5001B7CFFEF8}"
EndProject
Project("{9A19103F-16F7-4668-BE54-9A1E7A4F7556}") = "LogicaDominio", "LogicaDominio\LogicaDominio.csproj", "{E86A09CB-969F-494B-848C-09AC602AC36B}"
EndProject
Project("{9A19103F-16F7-4668-BE54-9A1E7A4F7556}") = "AccesoADatos", "AccesoADatos\AccesoADatos.csproj", "{A4D8F6C4-0E22-4394-B9AA-7278C56F24BA}"
EndProject
Project("{9A19103F-16F7-4668-BE54-9A1E7A4F7556}") = "Excepciones", "Excepciones\Excepciones.csproj", "{E5031CB6-0C21-45C0-86D7-3C96B9A59066}"
EndProject
Project("{9A19103F-16F7-4668-BE54-9A1E7A4F7556}") = "Service", "ServiceFactory\Service.csproj", "{B41EAAC5-7B87-4DC7-8F79-B9422965846B}"
EndProject
Global
	GlobalSection(SolutionConfigurationPlatforms) = preSolution
		Debug|Any CPU = Debug|Any CPU
		Release|Any CPU = Release|Any CPU
	EndGlobalSection
	GlobalSection(ProjectConfigurationPlatforms) = postSolution
		{B888BB8D-8C1F-49A1-AEE8-2CF6D0896810}.Debug|Any CPU.ActiveCfg = Debug|Any CPU
		{B888BB8D-8C1F-49A1-AEE8-2CF6D0896810}.Debug|Any CPU.Build.0 = Debug|Any CPU
		{B888BB8D-8C1F-49A1-AEE8-2CF6D0896810}.Release|Any CPU.ActiveCfg = Release|Any CPU
		{B888BB8D-8C1F-49A1-AEE8-2CF6D0896810}.Release|Any CPU.Build.0 = Release|Any CPU
		{CF0DE096-6AD7-4F34-A759-CE19BC3763E6}.Debug|Any CPU.ActiveCfg = Debug|Any CPU
		{CF0DE096-6AD7-4F34-A759-CE19BC3763E6}.Debug|Any CPU.Build.0 = Debug|Any CPU
		{CF0DE096-6AD7-4F34-A759-CE19BC3763E6}.Release|Any CPU.ActiveCfg = Release|Any CPU
		{CF0DE096-6AD7-4F34-A759-CE19BC3763E6}.Release|Any CPU.Build.0 = Release|Any CPU
		{04F8CE0A-1FDB-4D04-974C-E9C8C28421F3}.Debug|Any CPU.ActiveCfg = Debug|Any CPU
		{04F8CE0A-1FDB-4D04-974C-E9C8C28421F3}.Debug|Any CPU.Build.0 = Debug|Any CPU
		{04F8CE0A-1FDB-4D04-974C-E9C8C28421F3}.Release|Any CPU.ActiveCfg = Release|Any CPU
		{04F8CE0A-1FDB-4D04-974C-E9C8C28421F3}.Release|Any CPU.Build.0 = Release|Any CPU
		{1765331E-9423-4007-8DB6-5001B7CFFEF8}.Debug|Any CPU.ActiveCfg = Debug|Any CPU
		{1765331E-9423-4007-8DB6-5001B7CFFEF8}.Debug|Any CPU.Build.0 = Debug|Any CPU
		{1765331E-9423-4007-8DB6-5001B7CFFEF8}.Release|Any CPU.ActiveCfg = Release|Any CPU
		{1765331E-9423-4007-8DB6-5001B7CFFEF8}.Release|Any CPU.Build.0 = Release|Any CPU
		{E86A09CB-969F-494B-848C-09AC602AC36B}.Debug|Any CPU.ActiveCfg = Debug|Any CPU
		{E86A09CB-969F-494B-848C-09AC602AC36B}.Debug|Any CPU.Build.0 = Debug|Any CPU
		{E86A09CB-969F-494B-848C-09AC602AC36B}.Release|Any CPU.ActiveCfg = Release|Any CPU
		{E86A09CB-969F-494B-848C-09AC602AC36B}.Release|Any CPU.Build.0 = Release|Any CPU
		{A4D8F6C4-0E22-4394-B9AA-7278C56F24BA}.Debug|Any CPU.ActiveCfg = Debug|Any CPU
		{A4D8F6C4-0E22-4394-B9AA-7278C56F24BA}.Debug|Any CPU.Build.0 = Debug|Any CPU
		{A4D8F6C4-0E22-4394-B9AA-7278C56F24BA}.Release|Any CPU.ActiveCfg = Release|Any CPU
		{A4D8F6C4-0E22-4394-B9AA-7278C56F24BA}.Release|Any CPU.Build.0 = Release|Any CPU
		{E5031CB6-0C21-45C0-86D7-3C96B9A59066}.Debug|Any CPU.ActiveCfg = Debug|Any CPU
		{E5031CB6-0C21-45C0-86D7-3C96B9A59066}.Debug|Any CPU.Build.0 = Debug|Any CPU
		{E5031CB6-0C21-45C0-86D7-3C96B9A59066}.Release|Any CPU.ActiveCfg = Release|Any CPU
		{E5031CB6-0C21-45C0-86D7-3C96B9A59066}.Release|Any CPU.Build.0 = Release|Any CPU
		{B41EAAC5-7B87-4DC7-8F79-B9422965846B}.Debug|Any CPU.ActiveCfg = Debug|Any CPU
		{B41EAAC5-7B87-4DC7-8F79-B9422965846B}.Debug|Any CPU.Build.0 = Debug|Any CPU
		{B41EAAC5-7B87-4DC7-8F79-B9422965846B}.Release|Any CPU.ActiveCfg = Release|Any CPU
		{B41EAAC5-7B87-4DC7-8F79-B9422965846B}.Release|Any CPU.Build.0 = Release|Any CPU
	EndGlobalSection
	GlobalSection(SolutionProperties) = preSolution
		HideSolutionNode = FALSE
	EndGlobalSection
	GlobalSection(ExtensibilityGlobals) = postSolution
		SolutionGuid = {8D75DC90-E71B-4B75-A019-077A7837C1EE}
	EndGlobalSection
EndGlobal
